
Microsoft Visual Studio Solution File, Format Version 12.00
# Visual Studio Version 16
VisualStudioVersion = 16.0.32602.291
MinimumVisualStudioVersion = 10.0.40219.1
Project("{FAE04EC0-301F-11D3-BF4B-00C04F79EFBC}") = "MakineDurdurmaUygulamasi", "MakineDurdurmaUygulamasi\MakineDurdurmaUygulamasi.csproj", "{D34726D6-757D-4756-BD60-14598EABDACC}"
EndProject
Project("{FAE04EC0-301F-11D3-BF4B-00C04F79EFBC}") = "BusinessLayer", "..\BusinessLayer\BusinessLayer.csproj", "{C3F162B1-A022-4A18-B831-7459B7C258B6}"
EndProject
Global
	GlobalSection(SolutionConfigurationPlatforms) = preSolution
		Debug|Any CPU = Debug|Any CPU
		Release|Any CPU = Release|Any CPU
	EndGlobalSection
	GlobalSection(ProjectConfigurationPlatforms) = postSolution
		{D34726D6-757D-4756-BD60-14598EABDACC}.Debug|Any CPU.ActiveCfg = Debug|Any CPU
		{D34726D6-757D-4756-BD60-14598EABDACC}.Debug|Any CPU.Build.0 = Debug|Any CPU
		{D34726D6-757D-4756-BD60-14598EABDACC}.Release|Any CPU.ActiveCfg = Release|Any CPU
		{D34726D6-757D-4756-BD60-14598EABDACC}.Release|Any CPU.Build.0 = Release|Any CPU
		{C3F162B1-A022-4A18-B831-7459B7C258B6}.Debug|Any CPU.ActiveCfg = Debug|Any CPU
		{C3F162B1-A022-4A18-B831-7459B7C258B6}.Debug|Any CPU.Build.0 = Debug|Any CPU
		{C3F162B1-A022-4A18-B831-7459B7C258B6}.Release|Any CPU.ActiveCfg = Release|Any CPU
		{C3F162B1-A022-4A18-B831-7459B7C258B6}.Release|Any CPU.Build.0 = Release|Any CPU
	EndGlobalSection
	GlobalSection(SolutionProperties) = preSolution
		HideSolutionNode = FALSE
	EndGlobalSection
	GlobalSection(ExtensibilityGlobals) = postSolution
		SolutionGuid = {522956D5-5821-4761-B03C-436A50538AD3}
	EndGlobalSection
EndGlobal
